
Microsoft Visual Studio Solution File, Format Version 12.00
# Visual Studio Version 17
VisualStudioVersion = 17.14.36401.2 d17.14
MinimumVisualStudioVersion = 10.0.40219.1
Project("{FAE04EC0-301F-11D3-BF4B-00C04F79EFBC}") = "Ex10", "Ex10.csproj", "{03DA1E54-3458-4D00-9B7E-275C3DB9395E}"
EndProject
Global
	GlobalSection(SolutionConfigurationPlatforms) = preSolution
		Debug|Any CPU = Debug|Any CPU
		Release|Any CPU = Release|Any CPU
	EndGlobalSection
	GlobalSection(ProjectConfigurationPlatforms) = postSolution
		{03DA1E54-3458-4D00-9B7E-275C3DB9395E}.Debug|Any CPU.ActiveCfg = Debug|Any CPU
		{03DA1E54-3458-4D00-9B7E-275C3DB9395E}.Debug|Any CPU.Build.0 = Debug|Any CPU
		{03DA1E54-3458-4D00-9B7E-275C3DB9395E}.Release|Any CPU.ActiveCfg = Release|Any CPU
		{03DA1E54-3458-4D00-9B7E-275C3DB9395E}.Release|Any CPU.Build.0 = Release|Any CPU
	EndGlobalSection
	GlobalSection(SolutionProperties) = preSolution
		HideSolutionNode = FALSE
	EndGlobalSection
	GlobalSection(ExtensibilityGlobals) = postSolution
		SolutionGuid = {ED5DDF88-08B4-4BAB-A821-598F93EB6BAF}
	EndGlobalSection
EndGlobal
