
Microsoft Visual Studio Solution File, Format Version 12.00
# Visual Studio Version 17
VisualStudioVersion = 17.14.36401.2 d17.14
MinimumVisualStudioVersion = 10.0.40219.1
Project("{FAE04EC0-301F-11D3-BF4B-00C04F79EFBC}") = "Ex6", "Ex6.csproj", "{78E2C45A-5093-41C9-A097-16D74A1DBBC5}"
EndProject
Global
	GlobalSection(SolutionConfigurationPlatforms) = preSolution
		Debug|Any CPU = Debug|Any CPU
		Release|Any CPU = Release|Any CPU
	EndGlobalSection
	GlobalSection(ProjectConfigurationPlatforms) = postSolution
		{78E2C45A-5093-41C9-A097-16D74A1DBBC5}.Debug|Any CPU.ActiveCfg = Debug|Any CPU
		{78E2C45A-5093-41C9-A097-16D74A1DBBC5}.Debug|Any CPU.Build.0 = Debug|Any CPU
		{78E2C45A-5093-41C9-A097-16D74A1DBBC5}.Release|Any CPU.ActiveCfg = Release|Any CPU
		{78E2C45A-5093-41C9-A097-16D74A1DBBC5}.Release|Any CPU.Build.0 = Release|Any CPU
	EndGlobalSection
	GlobalSection(SolutionProperties) = preSolution
		HideSolutionNode = FALSE
	EndGlobalSection
	GlobalSection(ExtensibilityGlobals) = postSolution
		SolutionGuid = {F2B42C1E-850F-438F-B085-C827A285B818}
	EndGlobalSection
EndGlobal
